// !$*UTF8*$!
{
	archiveVersion = 1;
	classes = {
	};
	objectVersion = 56;
	objects = {

/* Begin PBXBuildFile section */
		26BAFFAC2BC4E44B009241A9 /* AppDelegate.swift in Sources */ = {isa = PBXBuildFile; fileRef = 26BAFFAB2BC4E44B009241A9 /* AppDelegate.swift */; };
		26BAFFAE2BC4E44B009241A9 /* SceneDelegate.swift in Sources */ = {isa = PBXBuildFile; fileRef = 26BAFFAD2BC4E44B009241A9 /* SceneDelegate.swift */; };
		26BAFFB52BC4E44C009241A9 /* Assets.xcassets in Resources */ = {isa = PBXBuildFile; fileRef = 26BAFFB42BC4E44C009241A9 /* Assets.xcassets */; };
		26BAFFB82BC4E44C009241A9 /* Base in Resources */ = {isa = PBXBuildFile; fileRef = 26BAFFB72BC4E44C009241A9 /* Base */; };
		26BAFFC52BC4EB6F009241A9 /* GeneralService.swift in Sources */ = {isa = PBXBuildFile; fileRef = 26BAFFC42BC4EB6F009241A9 /* GeneralService.swift */; };
		26BAFFC72BC4EBA7009241A9 /* GameTable.swift in Sources */ = {isa = PBXBuildFile; fileRef = 26BAFFC62BC4EBA7009241A9 /* GameTable.swift */; };
		26BAFFC92BC4EBC2009241A9 /* LocalDB.swift in Sources */ = {isa = PBXBuildFile; fileRef = 26BAFFC82BC4EBC2009241A9 /* LocalDB.swift */; };
		26BAFFCB2BC4EBD8009241A9 /* GPlayerStatusTable.swift in Sources */ = {isa = PBXBuildFile; fileRef = 26BAFFCA2BC4EBD8009241A9 /* GPlayerStatusTable.swift */; };
		26BAFFCD2BC4EBF1009241A9 /* PlayerTable.swift in Sources */ = {isa = PBXBuildFile; fileRef = 26BAFFCC2BC4EBF1009241A9 /* PlayerTable.swift */; };
		26BAFFD42BC522BB009241A9 /* GameRecordTable.swift in Sources */ = {isa = PBXBuildFile; fileRef = 26BAFFD32BC522BB009241A9 /* GameRecordTable.swift */; };
		26BAFFD62BC52BEC009241A9 /* GetActivePlayerResult.swift in Sources */ = {isa = PBXBuildFile; fileRef = 26BAFFD52BC52BEC009241A9 /* GetActivePlayerResult.swift */; };
		359245E7BE50D6CC0C2E2944 /* Pods_PokerTracker.framework in Frameworks */ = {isa = PBXBuildFile; fileRef = 713E358D89A6EDA38597AB7D /* Pods_PokerTracker.framework */; };
		B31411852BC4E80900CAE99B /* Player.swift in Sources */ = {isa = PBXBuildFile; fileRef = B31411602BC4E80900CAE99B /* Player.swift */; };
		B31411862BC4E80900CAE99B /* GameViewModel.swift in Sources */ = {isa = PBXBuildFile; fileRef = B31411622BC4E80900CAE99B /* GameViewModel.swift */; };
		B31411872BC4E80900CAE99B /* PlayerCell.swift in Sources */ = {isa = PBXBuildFile; fileRef = B31411642BC4E80900CAE99B /* PlayerCell.swift */; };
		B31411882BC4E80900CAE99B /* PlayerCell.xib in Resources */ = {isa = PBXBuildFile; fileRef = B31411652BC4E80900CAE99B /* PlayerCell.xib */; };
		B31411892BC4E80900CAE99B /* GameViewController.swift in Sources */ = {isa = PBXBuildFile; fileRef = B31411672BC4E80900CAE99B /* GameViewController.swift */; };
		B314118A2BC4E80900CAE99B /* GameViewController.xib in Resources */ = {isa = PBXBuildFile; fileRef = B31411682BC4E80900CAE99B /* GameViewController.xib */; };
		B314118B2BC4E80900CAE99B /* GameRecord.swift in Sources */ = {isa = PBXBuildFile; fileRef = B314116B2BC4E80900CAE99B /* GameRecord.swift */; };
		B314118C2BC4E80900CAE99B /* HistoryViewController.swift in Sources */ = {isa = PBXBuildFile; fileRef = B314116E2BC4E80900CAE99B /* HistoryViewController.swift */; };
		B314118D2BC4E80900CAE99B /* HistoryViewController.xib in Resources */ = {isa = PBXBuildFile; fileRef = B314116F2BC4E80900CAE99B /* HistoryViewController.xib */; };
		B314118E2BC4E80900CAE99B /* Game.swift in Sources */ = {isa = PBXBuildFile; fileRef = B31411722BC4E80900CAE99B /* Game.swift */; };
		B314118F2BC4E80900CAE99B /* HomeViewModel.swift in Sources */ = {isa = PBXBuildFile; fileRef = B31411742BC4E80900CAE99B /* HomeViewModel.swift */; };
		B31411902BC4E80900CAE99B /* HomeCell.swift in Sources */ = {isa = PBXBuildFile; fileRef = B31411762BC4E80900CAE99B /* HomeCell.swift */; };
		B31411912BC4E80900CAE99B /* HomeCell.xib in Resources */ = {isa = PBXBuildFile; fileRef = B31411772BC4E80900CAE99B /* HomeCell.xib */; };
		B31411922BC4E80900CAE99B /* HomeViewController.swift in Sources */ = {isa = PBXBuildFile; fileRef = B31411792BC4E80900CAE99B /* HomeViewController.swift */; };
		B31411932BC4E80900CAE99B /* HomeViewController.xib in Resources */ = {isa = PBXBuildFile; fileRef = B314117A2BC4E80900CAE99B /* HomeViewController.xib */; };
		B31411942BC4E80900CAE99B /* GPlayerStatus.swift in Sources */ = {isa = PBXBuildFile; fileRef = B314117D2BC4E80900CAE99B /* GPlayerStatus.swift */; };
		B31411952BC4E80900CAE99B /* PlayerViewController.swift in Sources */ = {isa = PBXBuildFile; fileRef = B31411802BC4E80900CAE99B /* PlayerViewController.swift */; };
		B31411962BC4E80900CAE99B /* PlayerViewController.xib in Resources */ = {isa = PBXBuildFile; fileRef = B31411812BC4E80900CAE99B /* PlayerViewController.xib */; };
		B35152942BC5271000F4F82B /* Date + String Extension.swift in Sources */ = {isa = PBXBuildFile; fileRef = B35152932BC5271000F4F82B /* Date + String Extension.swift */; };
		B351529A2BC52DFE00F4F82B /* CreateaGameViewController.xib in Resources */ = {isa = PBXBuildFile; fileRef = B35152992BC52DFE00F4F82B /* CreateaGameViewController.xib */; };
		B351529B2BC52DFE00F4F82B /* CreateaGameViewController.swift in Sources */ = {isa = PBXBuildFile; fileRef = B35152982BC52DFE00F4F82B /* CreateaGameViewController.swift */; };
		B35152A02BC62F1200F4F82B /* Constants.swift in Sources */ = {isa = PBXBuildFile; fileRef = B351529F2BC62F1200F4F82B /* Constants.swift */; };
/* End PBXBuildFile section */

/* Begin PBXFileReference section */
		26BAFFA82BC4E44B009241A9 /* PokerTracker.app */ = {isa = PBXFileReference; explicitFileType = wrapper.application; includeInIndex = 0; path = PokerTracker.app; sourceTree = BUILT_PRODUCTS_DIR; };
		26BAFFAB2BC4E44B009241A9 /* AppDelegate.swift */ = {isa = PBXFileReference; lastKnownFileType = sourcecode.swift; path = AppDelegate.swift; sourceTree = "<group>"; };
		26BAFFAD2BC4E44B009241A9 /* SceneDelegate.swift */ = {isa = PBXFileReference; lastKnownFileType = sourcecode.swift; path = SceneDelegate.swift; sourceTree = "<group>"; };
		26BAFFB42BC4E44C009241A9 /* Assets.xcassets */ = {isa = PBXFileReference; lastKnownFileType = folder.assetcatalog; path = Assets.xcassets; sourceTree = "<group>"; };
		26BAFFB72BC4E44C009241A9 /* Base */ = {isa = PBXFileReference; lastKnownFileType = file.storyboard; name = Base; path = Base.lproj/LaunchScreen.storyboard; sourceTree = "<group>"; };
		26BAFFB92BC4E44C009241A9 /* Info.plist */ = {isa = PBXFileReference; lastKnownFileType = text.plist.xml; path = Info.plist; sourceTree = "<group>"; };
		26BAFFC42BC4EB6F009241A9 /* GeneralService.swift */ = {isa = PBXFileReference; lastKnownFileType = sourcecode.swift; path = GeneralService.swift; sourceTree = "<group>"; };
		26BAFFC62BC4EBA7009241A9 /* GameTable.swift */ = {isa = PBXFileReference; lastKnownFileType = sourcecode.swift; path = GameTable.swift; sourceTree = "<group>"; };
		26BAFFC82BC4EBC2009241A9 /* LocalDB.swift */ = {isa = PBXFileReference; lastKnownFileType = sourcecode.swift; path = LocalDB.swift; sourceTree = "<group>"; };
		26BAFFCA2BC4EBD8009241A9 /* GPlayerStatusTable.swift */ = {isa = PBXFileReference; lastKnownFileType = sourcecode.swift; path = GPlayerStatusTable.swift; sourceTree = "<group>"; };
		26BAFFCC2BC4EBF1009241A9 /* PlayerTable.swift */ = {isa = PBXFileReference; lastKnownFileType = sourcecode.swift; path = PlayerTable.swift; sourceTree = "<group>"; };
		26BAFFD32BC522BB009241A9 /* GameRecordTable.swift */ = {isa = PBXFileReference; lastKnownFileType = sourcecode.swift; path = GameRecordTable.swift; sourceTree = "<group>"; };
		26BAFFD52BC52BEC009241A9 /* GetActivePlayerResult.swift */ = {isa = PBXFileReference; lastKnownFileType = sourcecode.swift; path = GetActivePlayerResult.swift; sourceTree = "<group>"; };
		455601E72079F477011C0B34 /* Pods-PokerTracker.release.xcconfig */ = {isa = PBXFileReference; includeInIndex = 1; lastKnownFileType = text.xcconfig; name = "Pods-PokerTracker.release.xcconfig"; path = "Target Support Files/Pods-PokerTracker/Pods-PokerTracker.release.xcconfig"; sourceTree = "<group>"; };
		713E358D89A6EDA38597AB7D /* Pods_PokerTracker.framework */ = {isa = PBXFileReference; explicitFileType = wrapper.framework; includeInIndex = 0; path = Pods_PokerTracker.framework; sourceTree = BUILT_PRODUCTS_DIR; };
		9852524EF93548091731D962 /* Pods-PokerTracker.debug.xcconfig */ = {isa = PBXFileReference; includeInIndex = 1; lastKnownFileType = text.xcconfig; name = "Pods-PokerTracker.debug.xcconfig"; path = "Target Support Files/Pods-PokerTracker/Pods-PokerTracker.debug.xcconfig"; sourceTree = "<group>"; };
		B31411602BC4E80900CAE99B /* Player.swift */ = {isa = PBXFileReference; fileEncoding = 4; lastKnownFileType = sourcecode.swift; path = Player.swift; sourceTree = "<group>"; };
		B31411622BC4E80900CAE99B /* GameViewModel.swift */ = {isa = PBXFileReference; fileEncoding = 4; lastKnownFileType = sourcecode.swift; path = GameViewModel.swift; sourceTree = "<group>"; };
		B31411642BC4E80900CAE99B /* PlayerCell.swift */ = {isa = PBXFileReference; fileEncoding = 4; lastKnownFileType = sourcecode.swift; path = PlayerCell.swift; sourceTree = "<group>"; };
		B31411652BC4E80900CAE99B /* PlayerCell.xib */ = {isa = PBXFileReference; fileEncoding = 4; lastKnownFileType = file.xib; path = PlayerCell.xib; sourceTree = "<group>"; };
		B31411672BC4E80900CAE99B /* GameViewController.swift */ = {isa = PBXFileReference; fileEncoding = 4; lastKnownFileType = sourcecode.swift; path = GameViewController.swift; sourceTree = "<group>"; };
		B31411682BC4E80900CAE99B /* GameViewController.xib */ = {isa = PBXFileReference; fileEncoding = 4; lastKnownFileType = file.xib; path = GameViewController.xib; sourceTree = "<group>"; };
		B314116B2BC4E80900CAE99B /* GameRecord.swift */ = {isa = PBXFileReference; fileEncoding = 4; lastKnownFileType = sourcecode.swift; path = GameRecord.swift; sourceTree = "<group>"; };
		B314116E2BC4E80900CAE99B /* HistoryViewController.swift */ = {isa = PBXFileReference; fileEncoding = 4; lastKnownFileType = sourcecode.swift; path = HistoryViewController.swift; sourceTree = "<group>"; };
		B314116F2BC4E80900CAE99B /* HistoryViewController.xib */ = {isa = PBXFileReference; fileEncoding = 4; lastKnownFileType = file.xib; path = HistoryViewController.xib; sourceTree = "<group>"; };
		B31411722BC4E80900CAE99B /* Game.swift */ = {isa = PBXFileReference; fileEncoding = 4; lastKnownFileType = sourcecode.swift; path = Game.swift; sourceTree = "<group>"; };
		B31411742BC4E80900CAE99B /* HomeViewModel.swift */ = {isa = PBXFileReference; fileEncoding = 4; lastKnownFileType = sourcecode.swift; path = HomeViewModel.swift; sourceTree = "<group>"; };
		B31411762BC4E80900CAE99B /* HomeCell.swift */ = {isa = PBXFileReference; fileEncoding = 4; lastKnownFileType = sourcecode.swift; path = HomeCell.swift; sourceTree = "<group>"; };
		B31411772BC4E80900CAE99B /* HomeCell.xib */ = {isa = PBXFileReference; fileEncoding = 4; lastKnownFileType = file.xib; path = HomeCell.xib; sourceTree = "<group>"; };
		B31411792BC4E80900CAE99B /* HomeViewController.swift */ = {isa = PBXFileReference; fileEncoding = 4; lastKnownFileType = sourcecode.swift; path = HomeViewController.swift; sourceTree = "<group>"; };
		B314117A2BC4E80900CAE99B /* HomeViewController.xib */ = {isa = PBXFileReference; fileEncoding = 4; lastKnownFileType = file.xib; path = HomeViewController.xib; sourceTree = "<group>"; };
		B314117D2BC4E80900CAE99B /* GPlayerStatus.swift */ = {isa = PBXFileReference; fileEncoding = 4; lastKnownFileType = sourcecode.swift; path = GPlayerStatus.swift; sourceTree = "<group>"; };
		B31411802BC4E80900CAE99B /* PlayerViewController.swift */ = {isa = PBXFileReference; fileEncoding = 4; lastKnownFileType = sourcecode.swift; path = PlayerViewController.swift; sourceTree = "<group>"; };
		B31411812BC4E80900CAE99B /* PlayerViewController.xib */ = {isa = PBXFileReference; fileEncoding = 4; lastKnownFileType = file.xib; path = PlayerViewController.xib; sourceTree = "<group>"; };
		B35152932BC5271000F4F82B /* Date + String Extension.swift */ = {isa = PBXFileReference; lastKnownFileType = sourcecode.swift; path = "Date + String Extension.swift"; sourceTree = "<group>"; };
		B35152982BC52DFE00F4F82B /* CreateaGameViewController.swift */ = {isa = PBXFileReference; lastKnownFileType = sourcecode.swift; path = CreateaGameViewController.swift; sourceTree = "<group>"; };
		B35152992BC52DFE00F4F82B /* CreateaGameViewController.xib */ = {isa = PBXFileReference; lastKnownFileType = file.xib; path = CreateaGameViewController.xib; sourceTree = "<group>"; };
		B351529F2BC62F1200F4F82B /* Constants.swift */ = {isa = PBXFileReference; lastKnownFileType = sourcecode.swift; path = Constants.swift; sourceTree = "<group>"; };
/* End PBXFileReference section */

/* Begin PBXFrameworksBuildPhase section */
		26BAFFA52BC4E44B009241A9 /* Frameworks */ = {
			isa = PBXFrameworksBuildPhase;
			buildActionMask = 2147483647;
			files = (
				359245E7BE50D6CC0C2E2944 /* Pods_PokerTracker.framework in Frameworks */,
			);
			runOnlyForDeploymentPostprocessing = 0;
		};
/* End PBXFrameworksBuildPhase section */

/* Begin PBXGroup section */
		05A4522344A94B9A42092B3A /* Frameworks */ = {
			isa = PBXGroup;
			children = (
				713E358D89A6EDA38597AB7D /* Pods_PokerTracker.framework */,
			);
			name = Frameworks;
			sourceTree = "<group>";
		};
		26BAFF9F2BC4E44B009241A9 = {
			isa = PBXGroup;
			children = (
				26BAFFAA2BC4E44B009241A9 /* PokerTracker */,
				26BAFFA92BC4E44B009241A9 /* Products */,
				E43ED687AB5014B76E4C9567 /* Pods */,
				05A4522344A94B9A42092B3A /* Frameworks */,
			);
			sourceTree = "<group>";
		};
		26BAFFA92BC4E44B009241A9 /* Products */ = {
			isa = PBXGroup;
			children = (
				26BAFFA82BC4E44B009241A9 /* PokerTracker.app */,
			);
			name = Products;
			sourceTree = "<group>";
		};
		26BAFFAA2BC4E44B009241A9 /* PokerTracker */ = {
			isa = PBXGroup;
			children = (
				B351529E2BC62EDC00F4F82B /* Constant */,
				B314115F2BC4E7DE00CAE99B /* Application */,
				B314115E2BC4E7C800CAE99B /* Rescurces */,
				26BAFFC22BC4EB41009241A9 /* Helper */,
				B35152922BC526E900F4F82B /* Extension */,
				B31411842BC4E80900CAE99B /* Screens */,
				26BAFFB92BC4E44C009241A9 /* Info.plist */,
			);
			path = PokerTracker;
			sourceTree = "<group>";
		};
		26BAFFC22BC4EB41009241A9 /* Helper */ = {
			isa = PBXGroup;
			children = (
				26BAFFD72BC52FC2009241A9 /* Model */,
				26BAFFC32BC4EB5E009241A9 /* LocalDB */,
				26BAFFC42BC4EB6F009241A9 /* GeneralService.swift */,
			);
			path = Helper;
			sourceTree = "<group>";
		};
		26BAFFC32BC4EB5E009241A9 /* LocalDB */ = {
			isa = PBXGroup;
			children = (
				26BAFFC82BC4EBC2009241A9 /* LocalDB.swift */,
				26BAFFC62BC4EBA7009241A9 /* GameTable.swift */,
				26BAFFCC2BC4EBF1009241A9 /* PlayerTable.swift */,
				26BAFFCA2BC4EBD8009241A9 /* GPlayerStatusTable.swift */,
				26BAFFD32BC522BB009241A9 /* GameRecordTable.swift */,
			);
			path = LocalDB;
			sourceTree = "<group>";
		};
		26BAFFD72BC52FC2009241A9 /* Model */ = {
			isa = PBXGroup;
			children = (
				26BAFFD52BC52BEC009241A9 /* GetActivePlayerResult.swift */,
			);
			path = Model;
			sourceTree = "<group>";
		};
		B314115E2BC4E7C800CAE99B /* Rescurces */ = {
			isa = PBXGroup;
			children = (
				26BAFFB62BC4E44C009241A9 /* LaunchScreen.storyboard */,
				26BAFFB42BC4E44C009241A9 /* Assets.xcassets */,
			);
			path = Rescurces;
			sourceTree = "<group>";
		};
		B314115F2BC4E7DE00CAE99B /* Application */ = {
			isa = PBXGroup;
			children = (
				26BAFFAB2BC4E44B009241A9 /* AppDelegate.swift */,
				26BAFFAD2BC4E44B009241A9 /* SceneDelegate.swift */,
			);
			path = Application;
			sourceTree = "<group>";
		};
		B31411612BC4E80900CAE99B /* Model */ = {
			isa = PBXGroup;
			children = (
				B31411602BC4E80900CAE99B /* Player.swift */,
			);
			path = Model;
			sourceTree = "<group>";
		};
		B31411632BC4E80900CAE99B /* ViewModel */ = {
			isa = PBXGroup;
			children = (
				B31411622BC4E80900CAE99B /* GameViewModel.swift */,
			);
			path = ViewModel;
			sourceTree = "<group>";
		};
		B31411662BC4E80900CAE99B /* Cell */ = {
			isa = PBXGroup;
			children = (
				B31411642BC4E80900CAE99B /* PlayerCell.swift */,
				B31411652BC4E80900CAE99B /* PlayerCell.xib */,
			);
			path = Cell;
			sourceTree = "<group>";
		};
		B31411692BC4E80900CAE99B /* Views */ = {
			isa = PBXGroup;
			children = (
				B31411662BC4E80900CAE99B /* Cell */,
				B31411672BC4E80900CAE99B /* GameViewController.swift */,
				B31411682BC4E80900CAE99B /* GameViewController.xib */,
			);
			path = Views;
			sourceTree = "<group>";
		};
		B314116A2BC4E80900CAE99B /* Game */ = {
			isa = PBXGroup;
			children = (
				B31411612BC4E80900CAE99B /* Model */,
				B31411632BC4E80900CAE99B /* ViewModel */,
				B31411692BC4E80900CAE99B /* Views */,
			);
			path = Game;
			sourceTree = "<group>";
		};
		B314116C2BC4E80900CAE99B /* Model */ = {
			isa = PBXGroup;
			children = (
				B314116B2BC4E80900CAE99B /* GameRecord.swift */,
			);
			path = Model;
			sourceTree = "<group>";
		};
		B31411702BC4E80900CAE99B /* Views */ = {
			isa = PBXGroup;
			children = (
				B314116E2BC4E80900CAE99B /* HistoryViewController.swift */,
				B314116F2BC4E80900CAE99B /* HistoryViewController.xib */,
			);
			path = Views;
			sourceTree = "<group>";
		};
		B31411712BC4E80900CAE99B /* History */ = {
			isa = PBXGroup;
			children = (
				B314116C2BC4E80900CAE99B /* Model */,
				B31411702BC4E80900CAE99B /* Views */,
			);
			path = History;
			sourceTree = "<group>";
		};
		B31411732BC4E80900CAE99B /* Model */ = {
			isa = PBXGroup;
			children = (
				B31411722BC4E80900CAE99B /* Game.swift */,
			);
			path = Model;
			sourceTree = "<group>";
		};
		B31411752BC4E80900CAE99B /* ViewModel */ = {
			isa = PBXGroup;
			children = (
				B31411742BC4E80900CAE99B /* HomeViewModel.swift */,
			);
			path = ViewModel;
			sourceTree = "<group>";
		};
		B31411782BC4E80900CAE99B /* Cells */ = {
			isa = PBXGroup;
			children = (
				B31411762BC4E80900CAE99B /* HomeCell.swift */,
				B31411772BC4E80900CAE99B /* HomeCell.xib */,
			);
			path = Cells;
			sourceTree = "<group>";
		};
		B314117B2BC4E80900CAE99B /* Views */ = {
			isa = PBXGroup;
			children = (
				B35152972BC52DD300F4F82B /* CreateaGame */,
				B31411782BC4E80900CAE99B /* Cells */,
				B31411792BC4E80900CAE99B /* HomeViewController.swift */,
				B314117A2BC4E80900CAE99B /* HomeViewController.xib */,
			);
			path = Views;
			sourceTree = "<group>";
		};
		B314117C2BC4E80900CAE99B /* Home */ = {
			isa = PBXGroup;
			children = (
				B31411732BC4E80900CAE99B /* Model */,
				B31411752BC4E80900CAE99B /* ViewModel */,
				B314117B2BC4E80900CAE99B /* Views */,
			);
			path = Home;
			sourceTree = "<group>";
		};
		B314117E2BC4E80900CAE99B /* Model */ = {
			isa = PBXGroup;
			children = (
				B314117D2BC4E80900CAE99B /* GPlayerStatus.swift */,
			);
			path = Model;
			sourceTree = "<group>";
		};
		B31411822BC4E80900CAE99B /* Views */ = {
			isa = PBXGroup;
			children = (
				B31411802BC4E80900CAE99B /* PlayerViewController.swift */,
				B31411812BC4E80900CAE99B /* PlayerViewController.xib */,
			);
			path = Views;
			sourceTree = "<group>";
		};
		B31411832BC4E80900CAE99B /* Player */ = {
			isa = PBXGroup;
			children = (
				B314117E2BC4E80900CAE99B /* Model */,
				B31411822BC4E80900CAE99B /* Views */,
			);
			path = Player;
			sourceTree = "<group>";
		};
		B31411842BC4E80900CAE99B /* Screens */ = {
			isa = PBXGroup;
			children = (
				B314116A2BC4E80900CAE99B /* Game */,
				B31411712BC4E80900CAE99B /* History */,
				B314117C2BC4E80900CAE99B /* Home */,
				B31411832BC4E80900CAE99B /* Player */,
			);
			path = Screens;
			sourceTree = "<group>";
		};
		B35152922BC526E900F4F82B /* Extension */ = {
			isa = PBXGroup;
			children = (
				B35152932BC5271000F4F82B /* Date + String Extension.swift */,
			);
			path = Extension;
			sourceTree = "<group>";
		};
		B35152972BC52DD300F4F82B /* CreateaGame */ = {
			isa = PBXGroup;
			children = (
				B35152982BC52DFE00F4F82B /* CreateaGameViewController.swift */,
				B35152992BC52DFE00F4F82B /* CreateaGameViewController.xib */,
			);
			path = CreateaGame;
			sourceTree = "<group>";
		};
		B351529E2BC62EDC00F4F82B /* Constant */ = {
			isa = PBXGroup;
			children = (
				B351529F2BC62F1200F4F82B /* Constants.swift */,
			);
			path = Constant;
			sourceTree = "<group>";
		};
		E43ED687AB5014B76E4C9567 /* Pods */ = {
			isa = PBXGroup;
			children = (
				9852524EF93548091731D962 /* Pods-PokerTracker.debug.xcconfig */,
				455601E72079F477011C0B34 /* Pods-PokerTracker.release.xcconfig */,
			);
			path = Pods;
			sourceTree = "<group>";
		};
/* End PBXGroup section */

/* Begin PBXNativeTarget section */
		26BAFFA72BC4E44B009241A9 /* PokerTracker */ = {
			isa = PBXNativeTarget;
			buildConfigurationList = 26BAFFBC2BC4E44C009241A9 /* Build configuration list for PBXNativeTarget "PokerTracker" */;
			buildPhases = (
				F3C87A85E5748CDC551D81E4 /* [CP] Check Pods Manifest.lock */,
				26BAFFA42BC4E44B009241A9 /* Sources */,
				26BAFFA52BC4E44B009241A9 /* Frameworks */,
				26BAFFA62BC4E44B009241A9 /* Resources */,
				C66DF39EFE745AA0D44DACA7 /* [CP] Embed Pods Frameworks */,
			);
			buildRules = (
			);
			dependencies = (
			);
			name = PokerTracker;
			productName = PokerTracker;
			productReference = 26BAFFA82BC4E44B009241A9 /* PokerTracker.app */;
			productType = "com.apple.product-type.application";
		};
/* End PBXNativeTarget section */

/* Begin PBXProject section */
		26BAFFA02BC4E44B009241A9 /* Project object */ = {
			isa = PBXProject;
			attributes = {
				BuildIndependentTargetsInParallel = 1;
				LastSwiftUpdateCheck = 1530;
				LastUpgradeCheck = 1530;
				TargetAttributes = {
					26BAFFA72BC4E44B009241A9 = {
						CreatedOnToolsVersion = 15.3;
					};
				};
			};
			buildConfigurationList = 26BAFFA32BC4E44B009241A9 /* Build configuration list for PBXProject "PokerTracker" */;
			compatibilityVersion = "Xcode 14.0";
			developmentRegion = en;
			hasScannedForEncodings = 0;
			knownRegions = (
				en,
				Base,
			);
			mainGroup = 26BAFF9F2BC4E44B009241A9;
			productRefGroup = 26BAFFA92BC4E44B009241A9 /* Products */;
			projectDirPath = "";
			projectRoot = "";
			targets = (
				26BAFFA72BC4E44B009241A9 /* PokerTracker */,
			);
		};
/* End PBXProject section */

/* Begin PBXResourcesBuildPhase section */
		26BAFFA62BC4E44B009241A9 /* Resources */ = {
			isa = PBXResourcesBuildPhase;
			buildActionMask = 2147483647;
			files = (
				B314118A2BC4E80900CAE99B /* GameViewController.xib in Resources */,
				B31411912BC4E80900CAE99B /* HomeCell.xib in Resources */,
				26BAFFB52BC4E44C009241A9 /* Assets.xcassets in Resources */,
				B31411882BC4E80900CAE99B /* PlayerCell.xib in Resources */,
				B351529A2BC52DFE00F4F82B /* CreateaGameViewController.xib in Resources */,
				B314118D2BC4E80900CAE99B /* HistoryViewController.xib in Resources */,
				B31411962BC4E80900CAE99B /* PlayerViewController.xib in Resources */,
				B31411932BC4E80900CAE99B /* HomeViewController.xib in Resources */,
				26BAFFB82BC4E44C009241A9 /* Base in Resources */,
			);
			runOnlyForDeploymentPostprocessing = 0;
		};
/* End PBXResourcesBuildPhase section */

/* Begin PBXShellScriptBuildPhase section */
		C66DF39EFE745AA0D44DACA7 /* [CP] Embed Pods Frameworks */ = {
			isa = PBXShellScriptBuildPhase;
			buildActionMask = 2147483647;
			files = (
			);
			inputFileListPaths = (
				"${PODS_ROOT}/Target Support Files/Pods-PokerTracker/Pods-PokerTracker-frameworks-${CONFIGURATION}-input-files.xcfilelist",
			);
			name = "[CP] Embed Pods Frameworks";
			outputFileListPaths = (
				"${PODS_ROOT}/Target Support Files/Pods-PokerTracker/Pods-PokerTracker-frameworks-${CONFIGURATION}-output-files.xcfilelist",
			);
			runOnlyForDeploymentPostprocessing = 0;
			shellPath = /bin/sh;
			shellScript = "\"${PODS_ROOT}/Target Support Files/Pods-PokerTracker/Pods-PokerTracker-frameworks.sh\"\n";
			showEnvVarsInLog = 0;
		};
		F3C87A85E5748CDC551D81E4 /* [CP] Check Pods Manifest.lock */ = {
			isa = PBXShellScriptBuildPhase;
			buildActionMask = 2147483647;
			files = (
			);
			inputFileListPaths = (
			);
			inputPaths = (
				"${PODS_PODFILE_DIR_PATH}/Podfile.lock",
				"${PODS_ROOT}/Manifest.lock",
			);
			name = "[CP] Check Pods Manifest.lock";
			outputFileListPaths = (
			);
			outputPaths = (
				"$(DERIVED_FILE_DIR)/Pods-PokerTracker-checkManifestLockResult.txt",
			);
			runOnlyForDeploymentPostprocessing = 0;
			shellPath = /bin/sh;
			shellScript = "diff \"${PODS_PODFILE_DIR_PATH}/Podfile.lock\" \"${PODS_ROOT}/Manifest.lock\" > /dev/null\nif [ $? != 0 ] ; then\n    # print error to STDERR\n    echo \"error: The sandbox is not in sync with the Podfile.lock. Run 'pod install' or update your CocoaPods installation.\" >&2\n    exit 1\nfi\n# This output is used by Xcode 'outputs' to avoid re-running this script phase.\necho \"SUCCESS\" > \"${SCRIPT_OUTPUT_FILE_0}\"\n";
			showEnvVarsInLog = 0;
		};
/* End PBXShellScriptBuildPhase section */

/* Begin PBXSourcesBuildPhase section */
		26BAFFA42BC4E44B009241A9 /* Sources */ = {
			isa = PBXSourcesBuildPhase;
			buildActionMask = 2147483647;
			files = (
				26BAFFD42BC522BB009241A9 /* GameRecordTable.swift in Sources */,
				B314118B2BC4E80900CAE99B /* GameRecord.swift in Sources */,
				B314118E2BC4E80900CAE99B /* Game.swift in Sources */,
				26BAFFCD2BC4EBF1009241A9 /* PlayerTable.swift in Sources */,
				B31411862BC4E80900CAE99B /* GameViewModel.swift in Sources */,
				B31411952BC4E80900CAE99B /* PlayerViewController.swift in Sources */,
				B35152942BC5271000F4F82B /* Date + String Extension.swift in Sources */,
				B314118F2BC4E80900CAE99B /* HomeViewModel.swift in Sources */,
				26BAFFCB2BC4EBD8009241A9 /* GPlayerStatusTable.swift in Sources */,
				26BAFFC92BC4EBC2009241A9 /* LocalDB.swift in Sources */,
				B31411872BC4E80900CAE99B /* PlayerCell.swift in Sources */,
				26BAFFAC2BC4E44B009241A9 /* AppDelegate.swift in Sources */,
				B31411902BC4E80900CAE99B /* HomeCell.swift in Sources */,
				B31411852BC4E80900CAE99B /* Player.swift in Sources */,
				26BAFFD62BC52BEC009241A9 /* GetActivePlayerResult.swift in Sources */,
				B31411892BC4E80900CAE99B /* GameViewController.swift in Sources */,
				B31411942BC4E80900CAE99B /* GPlayerStatus.swift in Sources */,
				26BAFFAE2BC4E44B009241A9 /* SceneDelegate.swift in Sources */,
				26BAFFC72BC4EBA7009241A9 /* GameTable.swift in Sources */,
				B314118C2BC4E80900CAE99B /* HistoryViewController.swift in Sources */,
				26BAFFC52BC4EB6F009241A9 /* GeneralService.swift in Sources */,
				B351529B2BC52DFE00F4F82B /* CreateaGameViewController.swift in Sources */,
				B31411922BC4E80900CAE99B /* HomeViewController.swift in Sources */,
				B35152A02BC62F1200F4F82B /* Constants.swift in Sources */,
			);
			runOnlyForDeploymentPostprocessing = 0;
		};
/* End PBXSourcesBuildPhase section */

/* Begin PBXVariantGroup section */
		26BAFFB62BC4E44C009241A9 /* LaunchScreen.storyboard */ = {
			isa = PBXVariantGroup;
			children = (
				26BAFFB72BC4E44C009241A9 /* Base */,
			);
			name = LaunchScreen.storyboard;
			sourceTree = "<group>";
		};
/* End PBXVariantGroup section */

/* Begin XCBuildConfiguration section */
		26BAFFBA2BC4E44C009241A9 /* Debug */ = {
			isa = XCBuildConfiguration;
			buildSettings = {
				ALWAYS_SEARCH_USER_PATHS = NO;
				ASSETCATALOG_COMPILER_GENERATE_SWIFT_ASSET_SYMBOL_EXTENSIONS = YES;
				CLANG_ANALYZER_NONNULL = YES;
				CLANG_ANALYZER_NUMBER_OBJECT_CONVERSION = YES_AGGRESSIVE;
				CLANG_CXX_LANGUAGE_STANDARD = "gnu++20";
				CLANG_ENABLE_MODULES = YES;
				CLANG_ENABLE_OBJC_ARC = YES;
				CLANG_ENABLE_OBJC_WEAK = YES;
				CLANG_WARN_BLOCK_CAPTURE_AUTORELEASING = YES;
				CLANG_WARN_BOOL_CONVERSION = YES;
				CLANG_WARN_COMMA = YES;
				CLANG_WARN_CONSTANT_CONVERSION = YES;
				CLANG_WARN_DEPRECATED_OBJC_IMPLEMENTATIONS = YES;
				CLANG_WARN_DIRECT_OBJC_ISA_USAGE = YES_ERROR;
				CLANG_WARN_DOCUMENTATION_COMMENTS = YES;
				CLANG_WARN_EMPTY_BODY = YES;
				CLANG_WARN_ENUM_CONVERSION = YES;
				CLANG_WARN_INFINITE_RECURSION = YES;
				CLANG_WARN_INT_CONVERSION = YES;
				CLANG_WARN_NON_LITERAL_NULL_CONVERSION = YES;
				CLANG_WARN_OBJC_IMPLICIT_RETAIN_SELF = YES;
				CLANG_WARN_OBJC_LITERAL_CONVERSION = YES;
				CLANG_WARN_OBJC_ROOT_CLASS = YES_ERROR;
				CLANG_WARN_QUOTED_INCLUDE_IN_FRAMEWORK_HEADER = YES;
				CLANG_WARN_RANGE_LOOP_ANALYSIS = YES;
				CLANG_WARN_STRICT_PROTOTYPES = YES;
				CLANG_WARN_SUSPICIOUS_MOVE = YES;
				CLANG_WARN_UNGUARDED_AVAILABILITY = YES_AGGRESSIVE;
				CLANG_WARN_UNREACHABLE_CODE = YES;
				CLANG_WARN__DUPLICATE_METHOD_MATCH = YES;
				COPY_PHASE_STRIP = NO;
				DEBUG_INFORMATION_FORMAT = dwarf;
				ENABLE_STRICT_OBJC_MSGSEND = YES;
				ENABLE_TESTABILITY = YES;
				ENABLE_USER_SCRIPT_SANDBOXING = NO;
				GCC_C_LANGUAGE_STANDARD = gnu17;
				GCC_DYNAMIC_NO_PIC = NO;
				GCC_NO_COMMON_BLOCKS = YES;
				GCC_OPTIMIZATION_LEVEL = 0;
				GCC_PREPROCESSOR_DEFINITIONS = (
					"DEBUG=1",
					"$(inherited)",
				);
				GCC_WARN_64_TO_32_BIT_CONVERSION = YES;
				GCC_WARN_ABOUT_RETURN_TYPE = YES_ERROR;
				GCC_WARN_UNDECLARED_SELECTOR = YES;
				GCC_WARN_UNINITIALIZED_AUTOS = YES_AGGRESSIVE;
				GCC_WARN_UNUSED_FUNCTION = YES;
				GCC_WARN_UNUSED_VARIABLE = YES;
				IPHONEOS_DEPLOYMENT_TARGET = 15.0;
				LOCALIZATION_PREFERS_STRING_CATALOGS = YES;
				MTL_ENABLE_DEBUG_INFO = INCLUDE_SOURCE;
				MTL_FAST_MATH = YES;
				ONLY_ACTIVE_ARCH = YES;
				SDKROOT = iphoneos;
				SWIFT_ACTIVE_COMPILATION_CONDITIONS = "DEBUG $(inherited)";
				SWIFT_OPTIMIZATION_LEVEL = "-Onone";
			};
			name = Debug;
		};
		26BAFFBB2BC4E44C009241A9 /* Release */ = {
			isa = XCBuildConfiguration;
			buildSettings = {
				ALWAYS_SEARCH_USER_PATHS = NO;
				ASSETCATALOG_COMPILER_GENERATE_SWIFT_ASSET_SYMBOL_EXTENSIONS = YES;
				CLANG_ANALYZER_NONNULL = YES;
				CLANG_ANALYZER_NUMBER_OBJECT_CONVERSION = YES_AGGRESSIVE;
				CLANG_CXX_LANGUAGE_STANDARD = "gnu++20";
				CLANG_ENABLE_MODULES = YES;
				CLANG_ENABLE_OBJC_ARC = YES;
				CLANG_ENABLE_OBJC_WEAK = YES;
				CLANG_WARN_BLOCK_CAPTURE_AUTORELEASING = YES;
				CLANG_WARN_BOOL_CONVERSION = YES;
				CLANG_WARN_COMMA = YES;
				CLANG_WARN_CONSTANT_CONVERSION = YES;
				CLANG_WARN_DEPRECATED_OBJC_IMPLEMENTATIONS = YES;
				CLANG_WARN_DIRECT_OBJC_ISA_USAGE = YES_ERROR;
				CLANG_WARN_DOCUMENTATION_COMMENTS = YES;
				CLANG_WARN_EMPTY_BODY = YES;
				CLANG_WARN_ENUM_CONVERSION = YES;
				CLANG_WARN_INFINITE_RECURSION = YES;
				CLANG_WARN_INT_CONVERSION = YES;
				CLANG_WARN_NON_LITERAL_NULL_CONVERSION = YES;
				CLANG_WARN_OBJC_IMPLICIT_RETAIN_SELF = YES;
				CLANG_WARN_OBJC_LITERAL_CONVERSION = YES;
				CLANG_WARN_OBJC_ROOT_CLASS = YES_ERROR;
				CLANG_WARN_QUOTED_INCLUDE_IN_FRAMEWORK_HEADER = YES;
				CLANG_WARN_RANGE_LOOP_ANALYSIS = YES;
				CLANG_WARN_STRICT_PROTOTYPES = YES;
				CLANG_WARN_SUSPICIOUS_MOVE = YES;
				CLANG_WARN_UNGUARDED_AVAILABILITY = YES_AGGRESSIVE;
				CLANG_WARN_UNREACHABLE_CODE = YES;
				CLANG_WARN__DUPLICATE_METHOD_MATCH = YES;
				COPY_PHASE_STRIP = NO;
				DEBUG_INFORMATION_FORMAT = "dwarf-with-dsym";
				ENABLE_NS_ASSERTIONS = NO;
				ENABLE_STRICT_OBJC_MSGSEND = YES;
				ENABLE_USER_SCRIPT_SANDBOXING = NO;
				GCC_C_LANGUAGE_STANDARD = gnu17;
				GCC_NO_COMMON_BLOCKS = YES;
				GCC_WARN_64_TO_32_BIT_CONVERSION = YES;
				GCC_WARN_ABOUT_RETURN_TYPE = YES_ERROR;
				GCC_WARN_UNDECLARED_SELECTOR = YES;
				GCC_WARN_UNINITIALIZED_AUTOS = YES_AGGRESSIVE;
				GCC_WARN_UNUSED_FUNCTION = YES;
				GCC_WARN_UNUSED_VARIABLE = YES;
				IPHONEOS_DEPLOYMENT_TARGET = 15.0;
				LOCALIZATION_PREFERS_STRING_CATALOGS = YES;
				MTL_ENABLE_DEBUG_INFO = NO;
				MTL_FAST_MATH = YES;
				SDKROOT = iphoneos;
				SWIFT_COMPILATION_MODE = wholemodule;
				VALIDATE_PRODUCT = YES;
			};
			name = Release;
		};
		26BAFFBD2BC4E44C009241A9 /* Debug */ = {
			isa = XCBuildConfiguration;
			baseConfigurationReference = 9852524EF93548091731D962 /* Pods-PokerTracker.debug.xcconfig */;
			buildSettings = {
				ASSETCATALOG_COMPILER_APPICON_NAME = AppIcon;
				ASSETCATALOG_COMPILER_GLOBAL_ACCENT_COLOR_NAME = AccentColor;
				CODE_SIGN_STYLE = Automatic;
				CURRENT_PROJECT_VERSION = 1;
				DEVELOPMENT_TEAM = 9G9YD8GX8D;
				ENABLE_USER_SCRIPT_SANDBOXING = NO;
				GENERATE_INFOPLIST_FILE = YES;
				INFOPLIST_FILE = PokerTracker/Info.plist;
				INFOPLIST_KEY_UIApplicationSupportsIndirectInputEvents = YES;
				INFOPLIST_KEY_UILaunchStoryboardName = LaunchScreen;
				INFOPLIST_KEY_UISupportedInterfaceOrientations_iPad = "UIInterfaceOrientationPortrait UIInterfaceOrientationPortraitUpsideDown UIInterfaceOrientationLandscapeLeft UIInterfaceOrientationLandscapeRight";
				INFOPLIST_KEY_UISupportedInterfaceOrientations_iPhone = "UIInterfaceOrientationPortrait UIInterfaceOrientationLandscapeLeft UIInterfaceOrientationLandscapeRight";
				LD_RUNPATH_SEARCH_PATHS = (
					"$(inherited)",
					"@executable_path/Frameworks",
				);
				MARKETING_VERSION = 1.0;
				PRODUCT_BUNDLE_IDENTIFIER = com.hnam.PokerTracker;
				PRODUCT_NAME = "$(TARGET_NAME)";
				SWIFT_EMIT_LOC_STRINGS = YES;
				SWIFT_VERSION = 5.0;
				TARGETED_DEVICE_FAMILY = "1,2";
			};
			name = Debug;
		};
		26BAFFBE2BC4E44C009241A9 /* Release */ = {
			isa = XCBuildConfiguration;
			baseConfigurationReference = 455601E72079F477011C0B34 /* Pods-PokerTracker.release.xcconfig */;
			buildSettings = {
				ASSETCATALOG_COMPILER_APPICON_NAME = AppIcon;
				ASSETCATALOG_COMPILER_GLOBAL_ACCENT_COLOR_NAME = AccentColor;
				CODE_SIGN_STYLE = Automatic;
				CURRENT_PROJECT_VERSION = 1;
				DEVELOPMENT_TEAM = 9G9YD8GX8D;
				ENABLE_USER_SCRIPT_SANDBOXING = NO;
				GENERATE_INFOPLIST_FILE = YES;
				INFOPLIST_FILE = PokerTracker/Info.plist;
				INFOPLIST_KEY_UIApplicationSupportsIndirectInputEvents = YES;
				INFOPLIST_KEY_UILaunchStoryboardName = LaunchScreen;
				INFOPLIST_KEY_UISupportedInterfaceOrientations_iPad = "UIInterfaceOrientationPortrait UIInterfaceOrientationPortraitUpsideDown UIInterfaceOrientationLandscapeLeft UIInterfaceOrientationLandscapeRight";
				INFOPLIST_KEY_UISupportedInterfaceOrientations_iPhone = "UIInterfaceOrientationPortrait UIInterfaceOrientationLandscapeLeft UIInterfaceOrientationLandscapeRight";
				LD_RUNPATH_SEARCH_PATHS = (
					"$(inherited)",
					"@executable_path/Frameworks",
				);
				MARKETING_VERSION = 1.0;
				PRODUCT_BUNDLE_IDENTIFIER = com.hnam.PokerTracker;
				PRODUCT_NAME = "$(TARGET_NAME)";
				SWIFT_EMIT_LOC_STRINGS = YES;
				SWIFT_VERSION = 5.0;
				TARGETED_DEVICE_FAMILY = "1,2";
			};
			name = Release;
		};
/* End XCBuildConfiguration section */

/* Begin XCConfigurationList section */
		26BAFFA32BC4E44B009241A9 /* Build configuration list for PBXProject "PokerTracker" */ = {
			isa = XCConfigurationList;
			buildConfigurations = (
				26BAFFBA2BC4E44C009241A9 /* Debug */,
				26BAFFBB2BC4E44C009241A9 /* Release */,
			);
			defaultConfigurationIsVisible = 0;
			defaultConfigurationName = Release;
		};
		26BAFFBC2BC4E44C009241A9 /* Build configuration list for PBXNativeTarget "PokerTracker" */ = {
			isa = XCConfigurationList;
			buildConfigurations = (
				26BAFFBD2BC4E44C009241A9 /* Debug */,
				26BAFFBE2BC4E44C009241A9 /* Release */,
			);
			defaultConfigurationIsVisible = 0;
			defaultConfigurationName = Release;
		};
/* End XCConfigurationList section */
	};
	rootObject = 26BAFFA02BC4E44B009241A9 /* Project object */;
}
